// !$*UTF8*$!
{
	archiveVersion = 1;
	classes = {
	};
	objectVersion = 56;
	objects = {

/* Begin PBXBuildFile section */
		720252F42AE6AADB00ED7C43 /* ProgressHUD in Frameworks */ = {isa = PBXBuildFile; productRef = 720252F32AE6AADB00ED7C43 /* ProgressHUD */; };
		722266C02ACB5C4E00F4B00C /* SplashViewController.swift in Sources */ = {isa = PBXBuildFile; fileRef = 722266BF2ACB5C4E00F4B00C /* SplashViewController.swift */; };
		722FD4F02AF798B300B0155D /* SwiftKeychainWrapper in Frameworks */ = {isa = PBXBuildFile; productRef = 722FD4EF2AF798B300B0155D /* SwiftKeychainWrapper */; };
		725821AD2AC70BC600CBB96F /* OAuth2Service.swift in Sources */ = {isa = PBXBuildFile; fileRef = 725821AC2AC70BC600CBB96F /* OAuth2Service.swift */; };
		725821AF2AC70F7100CBB96F /* OAuthTokenResponseBody.swift in Sources */ = {isa = PBXBuildFile; fileRef = 725821AE2AC70F7100CBB96F /* OAuthTokenResponseBody.swift */; };
		725821B12AC7131D00CBB96F /* OAuth2TokenStorage.swift in Sources */ = {isa = PBXBuildFile; fileRef = 725821B02AC7131D00CBB96F /* OAuth2TokenStorage.swift */; };
		72596B9C2AA38854008672AD /* ImagesListCell.swift in Sources */ = {isa = PBXBuildFile; fileRef = 72596B9B2AA38854008672AD /* ImagesListCell.swift */; };
		725C8A782ACDD70C00D9BB70 /* URLSession+Extensions.swift in Sources */ = {isa = PBXBuildFile; fileRef = 725C8A772ACDD70C00D9BB70 /* URLSession+Extensions.swift */; };
		725C8A7D2ACDD88B00D9BB70 /* NetworkError.swift in Sources */ = {isa = PBXBuildFile; fileRef = 725C8A7C2ACDD88B00D9BB70 /* NetworkError.swift */; };
		725C8A802ACDDC7C00D9BB70 /* URLRequest+Extensions.swift in Sources */ = {isa = PBXBuildFile; fileRef = 725C8A7F2ACDDC7C00D9BB70 /* URLRequest+Extensions.swift */; };
		725EE7EB2B05391600120F7A /* UserResult.swift in Sources */ = {isa = PBXBuildFile; fileRef = 725EE7EA2B05391600120F7A /* UserResult.swift */; };
		725EE7ED2B05393700120F7A /* ProfileImage.swift in Sources */ = {isa = PBXBuildFile; fileRef = 725EE7EC2B05393700120F7A /* ProfileImage.swift */; };
		72617AAD2AF56D1900BBD96C /* ProfileImageService.swift in Sources */ = {isa = PBXBuildFile; fileRef = 72617AAC2AF56D1900BBD96C /* ProfileImageService.swift */; };
		7266DE542B0E38380034FDD9 /* AuthHelper.swift in Sources */ = {isa = PBXBuildFile; fileRef = 7266DE532B0E38380034FDD9 /* AuthHelper.swift */; };
		7266DE5D2B0E609E0034FDD9 /* WebViewTests.swift in Sources */ = {isa = PBXBuildFile; fileRef = 7266DE5C2B0E609E0034FDD9 /* WebViewTests.swift */; };
		7266DE662B0E8EBD0034FDD9 /* ProfilePresenter.swift in Sources */ = {isa = PBXBuildFile; fileRef = 7266DE652B0E8EBD0034FDD9 /* ProfilePresenter.swift */; };
		7266DE682B0EB7DC0034FDD9 /* ImageListPresenter.swift in Sources */ = {isa = PBXBuildFile; fileRef = 7266DE672B0EB7DB0034FDD9 /* ImageListPresenter.swift */; };
		7269C1C12AC4B7C6002B6C39 /* AuthViewController.swift in Sources */ = {isa = PBXBuildFile; fileRef = 7269C1C02AC4B7C6002B6C39 /* AuthViewController.swift */; };
		7269C1C42AC4BB7B002B6C39 /* WebViewViewController.swift in Sources */ = {isa = PBXBuildFile; fileRef = 7269C1C32AC4BB7B002B6C39 /* WebViewViewController.swift */; };
		726CC3FD2AF6977D00111A67 /* Kingfisher in Frameworks */ = {isa = PBXBuildFile; productRef = 726CC3FC2AF6977D00111A67 /* Kingfisher */; };
		726E5EB92AAF70D800DFBE30 /* ProfileViewController.swift in Sources */ = {isa = PBXBuildFile; fileRef = 726E5EB82AAF70D800DFBE30 /* ProfileViewController.swift */; };
		72716A872AB1A71300582E89 /* SingleImageViewController.swift in Sources */ = {isa = PBXBuildFile; fileRef = 72716A862AB1A71300582E89 /* SingleImageViewController.swift */; };
		7278B5C22AF9630900C67C5C /* TabBarController.swift in Sources */ = {isa = PBXBuildFile; fileRef = 7278B5C12AF9630900C67C5C /* TabBarController.swift */; };
		728844952B0F92B3002804E0 /* ImageFeedUITests.swift in Sources */ = {isa = PBXBuildFile; fileRef = 728844942B0F92B3002804E0 /* ImageFeedUITests.swift */; };
		7289824B2AF2F60C0021E3DB /* ProfileService.swift in Sources */ = {isa = PBXBuildFile; fileRef = 7289824A2AF2F60C0021E3DB /* ProfileService.swift */; };
		729A13D22AE70CA500CB80E9 /* UIBlockingProgressHUD.swift in Sources */ = {isa = PBXBuildFile; fileRef = 729A13D12AE70CA500CB80E9 /* UIBlockingProgressHUD.swift */; };
		72A19B4B2AFEB7D50001D050 /* LikePhotoResult.swift in Sources */ = {isa = PBXBuildFile; fileRef = 72A19B4A2AFEB7D50001D050 /* LikePhotoResult.swift */; };
		72B75D302AC442FF00B3C6FC /* AuthConfiguration.swift in Sources */ = {isa = PBXBuildFile; fileRef = 72B75D2F2AC442FF00B3C6FC /* AuthConfiguration.swift */; };
		72BB53222AFC232B00C5F224 /* ImagesListService.swift in Sources */ = {isa = PBXBuildFile; fileRef = 72BB53212AFC232B00C5F224 /* ImagesListService.swift */; };
		72BB53252AFC343A00C5F224 /* PhotoResult.swift in Sources */ = {isa = PBXBuildFile; fileRef = 72BB53242AFC343A00C5F224 /* PhotoResult.swift */; };
		72BB53272AFC345800C5F224 /* Photo.swift in Sources */ = {isa = PBXBuildFile; fileRef = 72BB53262AFC345800C5F224 /* Photo.swift */; };
		72BB53292AFC347600C5F224 /* UrlsResult.swift in Sources */ = {isa = PBXBuildFile; fileRef = 72BB53282AFC347600C5F224 /* UrlsResult.swift */; };
		72C050752B0D59AB0059EEB8 /* WebViewPresenter.swift in Sources */ = {isa = PBXBuildFile; fileRef = 72C050742B0D59AB0059EEB8 /* WebViewPresenter.swift */; };
		72CD83E12AFAD17C00F37809 /* ProfileResult.swift in Sources */ = {isa = PBXBuildFile; fileRef = 72CD83E02AFAD17C00F37809 /* ProfileResult.swift */; };
		72CD83E32AFAD19A00F37809 /* Profile.swift in Sources */ = {isa = PBXBuildFile; fileRef = 72CD83E22AFAD19A00F37809 /* Profile.swift */; };
		72ECDDF62B04EC2B005B0206 /* Array+Extensions.swift in Sources */ = {isa = PBXBuildFile; fileRef = 72ECDDF52B04EC2B005B0206 /* Array+Extensions.swift */; };
		72ECF7D82A9A561A00E84EB5 /* AppDelegate.swift in Sources */ = {isa = PBXBuildFile; fileRef = 72ECF7D72A9A561A00E84EB5 /* AppDelegate.swift */; };
		72ECF7DA2A9A561A00E84EB5 /* SceneDelegate.swift in Sources */ = {isa = PBXBuildFile; fileRef = 72ECF7D92A9A561A00E84EB5 /* SceneDelegate.swift */; };
		72ECF7DC2A9A561A00E84EB5 /* ImagesListViewController.swift in Sources */ = {isa = PBXBuildFile; fileRef = 72ECF7DB2A9A561A00E84EB5 /* ImagesListViewController.swift */; };
		72ECF7DF2A9A561A00E84EB5 /* Main.storyboard in Resources */ = {isa = PBXBuildFile; fileRef = 72ECF7DD2A9A561A00E84EB5 /* Main.storyboard */; };
		72ECF7E12A9A561B00E84EB5 /* Assets.xcassets in Resources */ = {isa = PBXBuildFile; fileRef = 72ECF7E02A9A561B00E84EB5 /* Assets.xcassets */; };
		72ECF7E42A9A561B00E84EB5 /* LaunchScreen.storyboard in Resources */ = {isa = PBXBuildFile; fileRef = 72ECF7E22A9A561B00E84EB5 /* LaunchScreen.storyboard */; };
		72F3E50D2B0F7A0500954857 /* ProfileTest.swift in Sources */ = {isa = PBXBuildFile; fileRef = 72F3E5062B0F7A0100954857 /* ProfileTest.swift */; };
/* End PBXBuildFile section */

/* Begin PBXContainerItemProxy section */
		7266DE5E2B0E609E0034FDD9 /* PBXContainerItemProxy */ = {
			isa = PBXContainerItemProxy;
			containerPortal = 72ECF7CC2A9A561A00E84EB5 /* Project object */;
			proxyType = 1;
			remoteGlobalIDString = 72ECF7D32A9A561A00E84EB5;
			remoteInfo = ImageFeed;
		};
		728844982B0F92B3002804E0 /* PBXContainerItemProxy */ = {
			isa = PBXContainerItemProxy;
			containerPortal = 72ECF7CC2A9A561A00E84EB5 /* Project object */;
			proxyType = 1;
			remoteGlobalIDString = 72ECF7D32A9A561A00E84EB5;
			remoteInfo = ImageFeed;
		};
		72F3E4EC2B0F694600954857 /* PBXContainerItemProxy */ = {
			isa = PBXContainerItemProxy;
			containerPortal = 72ECF7CC2A9A561A00E84EB5 /* Project object */;
			proxyType = 1;
			remoteGlobalIDString = 72ECF7D32A9A561A00E84EB5;
			remoteInfo = ImageFeed;
		};
		72F3E4FA2B0F6A6200954857 /* PBXContainerItemProxy */ = {
			isa = PBXContainerItemProxy;
			containerPortal = 72ECF7CC2A9A561A00E84EB5 /* Project object */;
			proxyType = 1;
			remoteGlobalIDString = 72ECF7D32A9A561A00E84EB5;
			remoteInfo = ImageFeed;
		};
		72F3E5082B0F7A0100954857 /* PBXContainerItemProxy */ = {
			isa = PBXContainerItemProxy;
			containerPortal = 72ECF7CC2A9A561A00E84EB5 /* Project object */;
			proxyType = 1;
			remoteGlobalIDString = 72ECF7D32A9A561A00E84EB5;
			remoteInfo = ImageFeed;
		};
/* End PBXContainerItemProxy section */

/* Begin PBXFileReference section */
		722266BF2ACB5C4E00F4B00C /* SplashViewController.swift */ = {isa = PBXFileReference; lastKnownFileType = sourcecode.swift; path = SplashViewController.swift; sourceTree = "<group>"; };
		725821AC2AC70BC600CBB96F /* OAuth2Service.swift */ = {isa = PBXFileReference; lastKnownFileType = sourcecode.swift; path = OAuth2Service.swift; sourceTree = "<group>"; };
		725821AE2AC70F7100CBB96F /* OAuthTokenResponseBody.swift */ = {isa = PBXFileReference; lastKnownFileType = sourcecode.swift; path = OAuthTokenResponseBody.swift; sourceTree = "<group>"; };
		725821B02AC7131D00CBB96F /* OAuth2TokenStorage.swift */ = {isa = PBXFileReference; lastKnownFileType = sourcecode.swift; path = OAuth2TokenStorage.swift; sourceTree = "<group>"; };
		72596B9B2AA38854008672AD /* ImagesListCell.swift */ = {isa = PBXFileReference; lastKnownFileType = sourcecode.swift; path = ImagesListCell.swift; sourceTree = "<group>"; };
		725C8A772ACDD70C00D9BB70 /* URLSession+Extensions.swift */ = {isa = PBXFileReference; lastKnownFileType = sourcecode.swift; path = "URLSession+Extensions.swift"; sourceTree = "<group>"; };
		725C8A7C2ACDD88B00D9BB70 /* NetworkError.swift */ = {isa = PBXFileReference; lastKnownFileType = sourcecode.swift; path = NetworkError.swift; sourceTree = "<group>"; };
		725C8A7F2ACDDC7C00D9BB70 /* URLRequest+Extensions.swift */ = {isa = PBXFileReference; lastKnownFileType = sourcecode.swift; path = "URLRequest+Extensions.swift"; sourceTree = "<group>"; };
		725EE7EA2B05391600120F7A /* UserResult.swift */ = {isa = PBXFileReference; lastKnownFileType = sourcecode.swift; path = UserResult.swift; sourceTree = "<group>"; };
		725EE7EC2B05393700120F7A /* ProfileImage.swift */ = {isa = PBXFileReference; lastKnownFileType = sourcecode.swift; path = ProfileImage.swift; sourceTree = "<group>"; };
		72617AAC2AF56D1900BBD96C /* ProfileImageService.swift */ = {isa = PBXFileReference; lastKnownFileType = sourcecode.swift; path = ProfileImageService.swift; sourceTree = "<group>"; };
		7266DE532B0E38380034FDD9 /* AuthHelper.swift */ = {isa = PBXFileReference; lastKnownFileType = sourcecode.swift; path = AuthHelper.swift; sourceTree = "<group>"; };
		7266DE5A2B0E609E0034FDD9 /* ImageFeedTests.xctest */ = {isa = PBXFileReference; explicitFileType = wrapper.cfbundle; includeInIndex = 0; path = ImageFeedTests.xctest; sourceTree = BUILT_PRODUCTS_DIR; };
		7266DE5C2B0E609E0034FDD9 /* WebViewTests.swift */ = {isa = PBXFileReference; lastKnownFileType = sourcecode.swift; path = WebViewTests.swift; sourceTree = "<group>"; };
		7266DE652B0E8EBD0034FDD9 /* ProfilePresenter.swift */ = {isa = PBXFileReference; lastKnownFileType = sourcecode.swift; path = ProfilePresenter.swift; sourceTree = "<group>"; };
		7266DE672B0EB7DB0034FDD9 /* ImageListPresenter.swift */ = {isa = PBXFileReference; lastKnownFileType = sourcecode.swift; path = ImageListPresenter.swift; sourceTree = "<group>"; };
		7269C1C02AC4B7C6002B6C39 /* AuthViewController.swift */ = {isa = PBXFileReference; lastKnownFileType = sourcecode.swift; path = AuthViewController.swift; sourceTree = "<group>"; };
		7269C1C32AC4BB7B002B6C39 /* WebViewViewController.swift */ = {isa = PBXFileReference; lastKnownFileType = sourcecode.swift; path = WebViewViewController.swift; sourceTree = "<group>"; };
		726E5EB82AAF70D800DFBE30 /* ProfileViewController.swift */ = {isa = PBXFileReference; lastKnownFileType = sourcecode.swift; path = ProfileViewController.swift; sourceTree = "<group>"; };
		72716A862AB1A71300582E89 /* SingleImageViewController.swift */ = {isa = PBXFileReference; lastKnownFileType = sourcecode.swift; path = SingleImageViewController.swift; sourceTree = "<group>"; };
		7278B5C12AF9630900C67C5C /* TabBarController.swift */ = {isa = PBXFileReference; lastKnownFileType = sourcecode.swift; path = TabBarController.swift; sourceTree = "<group>"; };
		728844922B0F92B3002804E0 /* ImageFeedUITests.xctest */ = {isa = PBXFileReference; explicitFileType = wrapper.cfbundle; includeInIndex = 0; path = ImageFeedUITests.xctest; sourceTree = BUILT_PRODUCTS_DIR; };
		728844942B0F92B3002804E0 /* ImageFeedUITests.swift */ = {isa = PBXFileReference; lastKnownFileType = sourcecode.swift; path = ImageFeedUITests.swift; sourceTree = "<group>"; };
		7289824A2AF2F60C0021E3DB /* ProfileService.swift */ = {isa = PBXFileReference; lastKnownFileType = sourcecode.swift; path = ProfileService.swift; sourceTree = "<group>"; };
		729A13D12AE70CA500CB80E9 /* UIBlockingProgressHUD.swift */ = {isa = PBXFileReference; lastKnownFileType = sourcecode.swift; path = UIBlockingProgressHUD.swift; sourceTree = "<group>"; };
		72A19B4A2AFEB7D50001D050 /* LikePhotoResult.swift */ = {isa = PBXFileReference; lastKnownFileType = sourcecode.swift; path = LikePhotoResult.swift; sourceTree = "<group>"; };
		72B75D2F2AC442FF00B3C6FC /* AuthConfiguration.swift */ = {isa = PBXFileReference; lastKnownFileType = sourcecode.swift; path = AuthConfiguration.swift; sourceTree = "<group>"; };
		72BB53212AFC232B00C5F224 /* ImagesListService.swift */ = {isa = PBXFileReference; lastKnownFileType = sourcecode.swift; path = ImagesListService.swift; sourceTree = "<group>"; };
		72BB53242AFC343A00C5F224 /* PhotoResult.swift */ = {isa = PBXFileReference; lastKnownFileType = sourcecode.swift; path = PhotoResult.swift; sourceTree = "<group>"; };
		72BB53262AFC345800C5F224 /* Photo.swift */ = {isa = PBXFileReference; lastKnownFileType = sourcecode.swift; path = Photo.swift; sourceTree = "<group>"; };
		72BB53282AFC347600C5F224 /* UrlsResult.swift */ = {isa = PBXFileReference; lastKnownFileType = sourcecode.swift; path = UrlsResult.swift; sourceTree = "<group>"; };
		72C050742B0D59AB0059EEB8 /* WebViewPresenter.swift */ = {isa = PBXFileReference; lastKnownFileType = sourcecode.swift; path = WebViewPresenter.swift; sourceTree = "<group>"; };
		72CD83E02AFAD17C00F37809 /* ProfileResult.swift */ = {isa = PBXFileReference; lastKnownFileType = sourcecode.swift; path = ProfileResult.swift; sourceTree = "<group>"; };
		72CD83E22AFAD19A00F37809 /* Profile.swift */ = {isa = PBXFileReference; lastKnownFileType = sourcecode.swift; path = Profile.swift; sourceTree = "<group>"; };
		72ECDDF52B04EC2B005B0206 /* Array+Extensions.swift */ = {isa = PBXFileReference; lastKnownFileType = sourcecode.swift; path = "Array+Extensions.swift"; sourceTree = "<group>"; };
		72ECF7D42A9A561A00E84EB5 /* ImageFeed.app */ = {isa = PBXFileReference; explicitFileType = wrapper.application; includeInIndex = 0; path = ImageFeed.app; sourceTree = BUILT_PRODUCTS_DIR; };
		72ECF7D72A9A561A00E84EB5 /* AppDelegate.swift */ = {isa = PBXFileReference; lastKnownFileType = sourcecode.swift; path = AppDelegate.swift; sourceTree = "<group>"; };
		72ECF7D92A9A561A00E84EB5 /* SceneDelegate.swift */ = {isa = PBXFileReference; lastKnownFileType = sourcecode.swift; path = SceneDelegate.swift; sourceTree = "<group>"; };
		72ECF7DB2A9A561A00E84EB5 /* ImagesListViewController.swift */ = {isa = PBXFileReference; lastKnownFileType = sourcecode.swift; path = ImagesListViewController.swift; sourceTree = "<group>"; };
		72ECF7DE2A9A561A00E84EB5 /* Base */ = {isa = PBXFileReference; lastKnownFileType = file.storyboard; name = Base; path = Base.lproj/Main.storyboard; sourceTree = "<group>"; };
		72ECF7E02A9A561B00E84EB5 /* Assets.xcassets */ = {isa = PBXFileReference; lastKnownFileType = folder.assetcatalog; path = Assets.xcassets; sourceTree = "<group>"; };
		72ECF7E32A9A561B00E84EB5 /* Base */ = {isa = PBXFileReference; lastKnownFileType = file.storyboard; name = Base; path = Base.lproj/LaunchScreen.storyboard; sourceTree = "<group>"; };
		72ECF7E52A9A561B00E84EB5 /* Info.plist */ = {isa = PBXFileReference; lastKnownFileType = text.plist.xml; path = Info.plist; sourceTree = "<group>"; };
		72F3E4E82B0F694600954857 /* ProfileTests.xctest */ = {isa = PBXFileReference; explicitFileType = wrapper.cfbundle; includeInIndex = 0; path = ProfileTests.xctest; sourceTree = BUILT_PRODUCTS_DIR; };
		72F3E4F62B0F6A6200954857 /* ImagesListTests.xctest */ = {isa = PBXFileReference; explicitFileType = wrapper.cfbundle; includeInIndex = 0; path = ImagesListTests.xctest; sourceTree = BUILT_PRODUCTS_DIR; };
		72F3E4F82B0F6A6200954857 /* ImagesListTests.swift */ = {isa = PBXFileReference; lastKnownFileType = sourcecode.swift; path = ImagesListTests.swift; sourceTree = "<group>"; };
		72F3E5042B0F7A0100954857 /* ProfileTest.xctest */ = {isa = PBXFileReference; explicitFileType = wrapper.cfbundle; includeInIndex = 0; path = ProfileTest.xctest; sourceTree = BUILT_PRODUCTS_DIR; };
		72F3E5062B0F7A0100954857 /* ProfileTest.swift */ = {isa = PBXFileReference; lastKnownFileType = sourcecode.swift; path = ProfileTest.swift; sourceTree = "<group>"; };
/* End PBXFileReference section */

/* Begin PBXFrameworksBuildPhase section */
		7266DE572B0E609E0034FDD9 /* Frameworks */ = {
			isa = PBXFrameworksBuildPhase;
			buildActionMask = 2147483647;
			files = (
			);
			runOnlyForDeploymentPostprocessing = 0;
		};
		7288448F2B0F92B3002804E0 /* Frameworks */ = {
			isa = PBXFrameworksBuildPhase;
			buildActionMask = 2147483647;
			files = (
			);
			runOnlyForDeploymentPostprocessing = 0;
		};
		72ECF7D12A9A561A00E84EB5 /* Frameworks */ = {
			isa = PBXFrameworksBuildPhase;
			buildActionMask = 2147483647;
			files = (
				726CC3FD2AF6977D00111A67 /* Kingfisher in Frameworks */,
				720252F42AE6AADB00ED7C43 /* ProgressHUD in Frameworks */,
				722FD4F02AF798B300B0155D /* SwiftKeychainWrapper in Frameworks */,
			);
			runOnlyForDeploymentPostprocessing = 0;
		};
		72F3E4E52B0F694600954857 /* Frameworks */ = {
			isa = PBXFrameworksBuildPhase;
			buildActionMask = 2147483647;
			files = (
			);
			runOnlyForDeploymentPostprocessing = 0;
		};
		72F3E4F32B0F6A6200954857 /* Frameworks */ = {
			isa = PBXFrameworksBuildPhase;
			buildActionMask = 2147483647;
			files = (
			);
			runOnlyForDeploymentPostprocessing = 0;
		};
		72F3E5012B0F7A0100954857 /* Frameworks */ = {
			isa = PBXFrameworksBuildPhase;
			buildActionMask = 2147483647;
			files = (
			);
			runOnlyForDeploymentPostprocessing = 0;
		};
/* End PBXFrameworksBuildPhase section */

/* Begin PBXGroup section */
		72596B9D2AA3887B008672AD /* ImagesList */ = {
			isa = PBXGroup;
			children = (
				72BB53232AFC341200C5F224 /* Models */,
				72BB53212AFC232B00C5F224 /* ImagesListService.swift */,
				72ECF7DB2A9A561A00E84EB5 /* ImagesListViewController.swift */,
				7266DE672B0EB7DB0034FDD9 /* ImageListPresenter.swift */,
				72596B9B2AA38854008672AD /* ImagesListCell.swift */,
			);
			path = ImagesList;
			sourceTree = "<group>";
		};
		725C8A762ACDD66100D9BB70 /* Extensions */ = {
			isa = PBXGroup;
			children = (
				72ECDDF52B04EC2B005B0206 /* Array+Extensions.swift */,
				725C8A772ACDD70C00D9BB70 /* URLSession+Extensions.swift */,
				725C8A7F2ACDDC7C00D9BB70 /* URLRequest+Extensions.swift */,
			);
			path = Extensions;
			sourceTree = "<group>";
		};
		725C8A7E2ACDDABD00D9BB70 /* Networking */ = {
			isa = PBXGroup;
			children = (
				725821AC2AC70BC600CBB96F /* OAuth2Service.swift */,
				725821B02AC7131D00CBB96F /* OAuth2TokenStorage.swift */,
				725821AE2AC70F7100CBB96F /* OAuthTokenResponseBody.swift */,
				725C8A7C2ACDD88B00D9BB70 /* NetworkError.swift */,
			);
			path = Networking;
			sourceTree = "<group>";
		};
		725EE7EE2B053E9500120F7A /* TabBar */ = {
			isa = PBXGroup;
			children = (
				7278B5C12AF9630900C67C5C /* TabBarController.swift */,
			);
			path = TabBar;
			sourceTree = "<group>";
		};
		7266DE5B2B0E609E0034FDD9 /* ImageFeedTests */ = {
			isa = PBXGroup;
			children = (
				7266DE5C2B0E609E0034FDD9 /* WebViewTests.swift */,
				72F3E4F82B0F6A6200954857 /* ImagesListTests.swift */,
				72F3E5062B0F7A0100954857 /* ProfileTest.swift */,
			);
			path = ImageFeedTests;
			sourceTree = "<group>";
		};
		7269C1C22AC4BA6D002B6C39 /* Auth */ = {
			isa = PBXGroup;
			children = (
				72B75D2F2AC442FF00B3C6FC /* AuthConfiguration.swift */,
				722266BF2ACB5C4E00F4B00C /* SplashViewController.swift */,
				7269C1C02AC4B7C6002B6C39 /* AuthViewController.swift */,
				7269C1C32AC4BB7B002B6C39 /* WebViewViewController.swift */,
				72C050742B0D59AB0059EEB8 /* WebViewPresenter.swift */,
				7266DE532B0E38380034FDD9 /* AuthHelper.swift */,
			);
			path = Auth;
			sourceTree = "<group>";
		};
		726E5EBC2AAF77FA00DFBE30 /* Profile */ = {
			isa = PBXGroup;
			children = (
				72CD83DF2AFAD12000F37809 /* Models */,
				7289824A2AF2F60C0021E3DB /* ProfileService.swift */,
				72617AAC2AF56D1900BBD96C /* ProfileImageService.swift */,
				726E5EB82AAF70D800DFBE30 /* ProfileViewController.swift */,
				7266DE652B0E8EBD0034FDD9 /* ProfilePresenter.swift */,
			);
			path = Profile;
			sourceTree = "<group>";
		};
		72716A882AB1B9A800582E89 /* SingleImageView */ = {
			isa = PBXGroup;
			children = (
				72716A862AB1A71300582E89 /* SingleImageViewController.swift */,
			);
			path = SingleImageView;
			sourceTree = "<group>";
		};
		728844932B0F92B3002804E0 /* ImageFeedUITests */ = {
			isa = PBXGroup;
			children = (
				728844942B0F92B3002804E0 /* ImageFeedUITests.swift */,
			);
			path = ImageFeedUITests;
			sourceTree = "<group>";
		};
		72BB53232AFC341200C5F224 /* Models */ = {
			isa = PBXGroup;
			children = (
				72BB53262AFC345800C5F224 /* Photo.swift */,
				72BB53242AFC343A00C5F224 /* PhotoResult.swift */,
				72BB53282AFC347600C5F224 /* UrlsResult.swift */,
				72A19B4A2AFEB7D50001D050 /* LikePhotoResult.swift */,
			);
			path = Models;
			sourceTree = "<group>";
		};
		72CD83DF2AFAD12000F37809 /* Models */ = {
			isa = PBXGroup;
			children = (
				72CD83E02AFAD17C00F37809 /* ProfileResult.swift */,
				72CD83E22AFAD19A00F37809 /* Profile.swift */,
				725EE7EA2B05391600120F7A /* UserResult.swift */,
				725EE7EC2B05393700120F7A /* ProfileImage.swift */,
			);
			path = Models;
			sourceTree = "<group>";
		};
		72ECF7CB2A9A561A00E84EB5 = {
			isa = PBXGroup;
			children = (
				72ECF7D62A9A561A00E84EB5 /* ImageFeed */,
				7266DE5B2B0E609E0034FDD9 /* ImageFeedTests */,
				728844932B0F92B3002804E0 /* ImageFeedUITests */,
				72ECF7D52A9A561A00E84EB5 /* Products */,
			);
			sourceTree = "<group>";
		};
		72ECF7D52A9A561A00E84EB5 /* Products */ = {
			isa = PBXGroup;
			children = (
				72ECF7D42A9A561A00E84EB5 /* ImageFeed.app */,
				7266DE5A2B0E609E0034FDD9 /* ImageFeedTests.xctest */,
				72F3E4E82B0F694600954857 /* ProfileTests.xctest */,
				72F3E4F62B0F6A6200954857 /* ImagesListTests.xctest */,
				72F3E5042B0F7A0100954857 /* ProfileTest.xctest */,
				728844922B0F92B3002804E0 /* ImageFeedUITests.xctest */,
			);
			name = Products;
			sourceTree = "<group>";
		};
		72ECF7D62A9A561A00E84EB5 /* ImageFeed */ = {
			isa = PBXGroup;
			children = (
				72ECF7D72A9A561A00E84EB5 /* AppDelegate.swift */,
				72ECF7D92A9A561A00E84EB5 /* SceneDelegate.swift */,
				729A13D12AE70CA500CB80E9 /* UIBlockingProgressHUD.swift */,
				7269C1C22AC4BA6D002B6C39 /* Auth */,
				725EE7EE2B053E9500120F7A /* TabBar */,
				72596B9D2AA3887B008672AD /* ImagesList */,
				72716A882AB1B9A800582E89 /* SingleImageView */,
				726E5EBC2AAF77FA00DFBE30 /* Profile */,
				725C8A7E2ACDDABD00D9BB70 /* Networking */,
				725C8A762ACDD66100D9BB70 /* Extensions */,
				72ECF7DD2A9A561A00E84EB5 /* Main.storyboard */,
				72ECF7E02A9A561B00E84EB5 /* Assets.xcassets */,
				72ECF7E22A9A561B00E84EB5 /* LaunchScreen.storyboard */,
				72ECF7E52A9A561B00E84EB5 /* Info.plist */,
			);
			path = ImageFeed;
			sourceTree = "<group>";
		};
/* End PBXGroup section */

/* Begin PBXNativeTarget section */
		7266DE592B0E609E0034FDD9 /* ImageFeedTests */ = {
			isa = PBXNativeTarget;
			buildConfigurationList = 7266DE602B0E609E0034FDD9 /* Build configuration list for PBXNativeTarget "ImageFeedTests" */;
			buildPhases = (
				7266DE562B0E609E0034FDD9 /* Sources */,
				7266DE572B0E609E0034FDD9 /* Frameworks */,
				7266DE582B0E609E0034FDD9 /* Resources */,
			);
			buildRules = (
			);
			dependencies = (
				7266DE5F2B0E609E0034FDD9 /* PBXTargetDependency */,
			);
			name = ImageFeedTests;
			productName = ImageFeedTests;
			productReference = 7266DE5A2B0E609E0034FDD9 /* ImageFeedTests.xctest */;
			productType = "com.apple.product-type.bundle.unit-test";
		};
		728844912B0F92B3002804E0 /* ImageFeedUITests */ = {
			isa = PBXNativeTarget;
			buildConfigurationList = 7288449A2B0F92B3002804E0 /* Build configuration list for PBXNativeTarget "ImageFeedUITests" */;
			buildPhases = (
				7288448E2B0F92B3002804E0 /* Sources */,
				7288448F2B0F92B3002804E0 /* Frameworks */,
				728844902B0F92B3002804E0 /* Resources */,
			);
			buildRules = (
			);
			dependencies = (
				728844992B0F92B3002804E0 /* PBXTargetDependency */,
			);
			name = ImageFeedUITests;
			productName = ImageFeedUITests;
			productReference = 728844922B0F92B3002804E0 /* ImageFeedUITests.xctest */;
			productType = "com.apple.product-type.bundle.ui-testing";
		};
		72ECF7D32A9A561A00E84EB5 /* ImageFeed */ = {
			isa = PBXNativeTarget;
			buildConfigurationList = 72ECF7E82A9A561B00E84EB5 /* Build configuration list for PBXNativeTarget "ImageFeed" */;
			buildPhases = (
				72ECF7D02A9A561A00E84EB5 /* Sources */,
				72ECF7D12A9A561A00E84EB5 /* Frameworks */,
				72ECF7D22A9A561A00E84EB5 /* Resources */,
			);
			buildRules = (
			);
			dependencies = (
			);
			name = ImageFeed;
			packageProductDependencies = (
				720252F32AE6AADB00ED7C43 /* ProgressHUD */,
				726CC3FC2AF6977D00111A67 /* Kingfisher */,
				722FD4EF2AF798B300B0155D /* SwiftKeychainWrapper */,
			);
			productName = ImageFeed;
			productReference = 72ECF7D42A9A561A00E84EB5 /* ImageFeed.app */;
			productType = "com.apple.product-type.application";
		};
		72F3E4E72B0F694600954857 /* ProfileTests */ = {
			isa = PBXNativeTarget;
			buildConfigurationList = 72F3E4F02B0F694600954857 /* Build configuration list for PBXNativeTarget "ProfileTests" */;
			buildPhases = (
				72F3E4E42B0F694600954857 /* Sources */,
				72F3E4E52B0F694600954857 /* Frameworks */,
				72F3E4E62B0F694600954857 /* Resources */,
			);
			buildRules = (
			);
			dependencies = (
				72F3E4ED2B0F694600954857 /* PBXTargetDependency */,
			);
			name = ProfileTests;
			productName = ProfileTests;
			productReference = 72F3E4E82B0F694600954857 /* ProfileTests.xctest */;
			productType = "com.apple.product-type.bundle.unit-test";
		};
		72F3E4F52B0F6A6200954857 /* ImagesListTests */ = {
			isa = PBXNativeTarget;
			buildConfigurationList = 72F3E4FC2B0F6A6200954857 /* Build configuration list for PBXNativeTarget "ImagesListTests" */;
			buildPhases = (
				72F3E4F22B0F6A6200954857 /* Sources */,
				72F3E4F32B0F6A6200954857 /* Frameworks */,
				72F3E4F42B0F6A6200954857 /* Resources */,
			);
			buildRules = (
			);
			dependencies = (
				72F3E4FB2B0F6A6200954857 /* PBXTargetDependency */,
			);
			name = ImagesListTests;
			productName = ImagesListTests;
			productReference = 72F3E4F62B0F6A6200954857 /* ImagesListTests.xctest */;
			productType = "com.apple.product-type.bundle.unit-test";
		};
		72F3E5032B0F7A0100954857 /* ProfileTest */ = {
			isa = PBXNativeTarget;
			buildConfigurationList = 72F3E50A2B0F7A0100954857 /* Build configuration list for PBXNativeTarget "ProfileTest" */;
			buildPhases = (
				72F3E5002B0F7A0100954857 /* Sources */,
				72F3E5012B0F7A0100954857 /* Frameworks */,
				72F3E5022B0F7A0100954857 /* Resources */,
			);
			buildRules = (
			);
			dependencies = (
				72F3E5092B0F7A0100954857 /* PBXTargetDependency */,
			);
			name = ProfileTest;
			productName = ProfileTest;
			productReference = 72F3E5042B0F7A0100954857 /* ProfileTest.xctest */;
			productType = "com.apple.product-type.bundle.unit-test";
		};
/* End PBXNativeTarget section */

/* Begin PBXProject section */
		72ECF7CC2A9A561A00E84EB5 /* Project object */ = {
			isa = PBXProject;
			attributes = {
				BuildIndependentTargetsInParallel = 1;
				LastSwiftUpdateCheck = 1500;
				LastUpgradeCheck = 1500;
				TargetAttributes = {
					7266DE592B0E609E0034FDD9 = {
						CreatedOnToolsVersion = 15.0.1;
						TestTargetID = 72ECF7D32A9A561A00E84EB5;
					};
					728844912B0F92B3002804E0 = {
						CreatedOnToolsVersion = 15.0.1;
						TestTargetID = 72ECF7D32A9A561A00E84EB5;
					};
					72ECF7D32A9A561A00E84EB5 = {
						CreatedOnToolsVersion = 14.3.1;
					};
					72F3E4E72B0F694600954857 = {
						CreatedOnToolsVersion = 15.0.1;
						TestTargetID = 72ECF7D32A9A561A00E84EB5;
					};
					72F3E4F52B0F6A6200954857 = {
						CreatedOnToolsVersion = 15.0.1;
						TestTargetID = 72ECF7D32A9A561A00E84EB5;
					};
					72F3E5032B0F7A0100954857 = {
						CreatedOnToolsVersion = 15.0.1;
						TestTargetID = 72ECF7D32A9A561A00E84EB5;
					};
				};
			};
			buildConfigurationList = 72ECF7CF2A9A561A00E84EB5 /* Build configuration list for PBXProject "ImageFeed" */;
			compatibilityVersion = "Xcode 14.0";
			developmentRegion = en;
			hasScannedForEncodings = 0;
			knownRegions = (
				en,
				Base,
			);
			mainGroup = 72ECF7CB2A9A561A00E84EB5;
			packageReferences = (
				720252F22AE6AADB00ED7C43 /* XCRemoteSwiftPackageReference "ProgressHUD" */,
				726CC3FB2AF6977D00111A67 /* XCRemoteSwiftPackageReference "Kingfisher" */,
				722FD4EE2AF798B300B0155D /* XCRemoteSwiftPackageReference "SwiftKeychainWrapper" */,
			);
			productRefGroup = 72ECF7D52A9A561A00E84EB5 /* Products */;
			projectDirPath = "";
			projectRoot = "";
			targets = (
				72ECF7D32A9A561A00E84EB5 /* ImageFeed */,
				7266DE592B0E609E0034FDD9 /* ImageFeedTests */,
				72F3E4E72B0F694600954857 /* ProfileTests */,
				72F3E4F52B0F6A6200954857 /* ImagesListTests */,
				72F3E5032B0F7A0100954857 /* ProfileTest */,
				728844912B0F92B3002804E0 /* ImageFeedUITests */,
			);
		};
/* End PBXProject section */

/* Begin PBXResourcesBuildPhase section */
		7266DE582B0E609E0034FDD9 /* Resources */ = {
			isa = PBXResourcesBuildPhase;
			buildActionMask = 2147483647;
			files = (
			);
			runOnlyForDeploymentPostprocessing = 0;
		};
		728844902B0F92B3002804E0 /* Resources */ = {
			isa = PBXResourcesBuildPhase;
			buildActionMask = 2147483647;
			files = (
			);
			runOnlyForDeploymentPostprocessing = 0;
		};
		72ECF7D22A9A561A00E84EB5 /* Resources */ = {
			isa = PBXResourcesBuildPhase;
			buildActionMask = 2147483647;
			files = (
				72ECF7E42A9A561B00E84EB5 /* LaunchScreen.storyboard in Resources */,
				72ECF7E12A9A561B00E84EB5 /* Assets.xcassets in Resources */,
				72ECF7DF2A9A561A00E84EB5 /* Main.storyboard in Resources */,
			);
			runOnlyForDeploymentPostprocessing = 0;
		};
		72F3E4E62B0F694600954857 /* Resources */ = {
			isa = PBXResourcesBuildPhase;
			buildActionMask = 2147483647;
			files = (
			);
			runOnlyForDeploymentPostprocessing = 0;
		};
		72F3E4F42B0F6A6200954857 /* Resources */ = {
			isa = PBXResourcesBuildPhase;
			buildActionMask = 2147483647;
			files = (
			);
			runOnlyForDeploymentPostprocessing = 0;
		};
		72F3E5022B0F7A0100954857 /* Resources */ = {
			isa = PBXResourcesBuildPhase;
			buildActionMask = 2147483647;
			files = (
			);
			runOnlyForDeploymentPostprocessing = 0;
		};
/* End PBXResourcesBuildPhase section */

/* Begin PBXSourcesBuildPhase section */
		7266DE562B0E609E0034FDD9 /* Sources */ = {
			isa = PBXSourcesBuildPhase;
			buildActionMask = 2147483647;
			files = (
				7266DE5D2B0E609E0034FDD9 /* WebViewTests.swift in Sources */,
				72F3E50D2B0F7A0500954857 /* ProfileTest.swift in Sources */,
			);
			runOnlyForDeploymentPostprocessing = 0;
		};
		7288448E2B0F92B3002804E0 /* Sources */ = {
			isa = PBXSourcesBuildPhase;
			buildActionMask = 2147483647;
			files = (
				728844952B0F92B3002804E0 /* ImageFeedUITests.swift in Sources */,
			);
			runOnlyForDeploymentPostprocessing = 0;
		};
		72ECF7D02A9A561A00E84EB5 /* Sources */ = {
			isa = PBXSourcesBuildPhase;
			buildActionMask = 2147483647;
			files = (
				725821B12AC7131D00CBB96F /* OAuth2TokenStorage.swift in Sources */,
				72BB53222AFC232B00C5F224 /* ImagesListService.swift in Sources */,
				72ECF7DC2A9A561A00E84EB5 /* ImagesListViewController.swift in Sources */,
				72ECDDF62B04EC2B005B0206 /* Array+Extensions.swift in Sources */,
				72596B9C2AA38854008672AD /* ImagesListCell.swift in Sources */,
				726E5EB92AAF70D800DFBE30 /* ProfileViewController.swift in Sources */,
				72ECF7D82A9A561A00E84EB5 /* AppDelegate.swift in Sources */,
				725821AF2AC70F7100CBB96F /* OAuthTokenResponseBody.swift in Sources */,
				722266C02ACB5C4E00F4B00C /* SplashViewController.swift in Sources */,
				725821AD2AC70BC600CBB96F /* OAuth2Service.swift in Sources */,
				7266DE682B0EB7DC0034FDD9 /* ImageListPresenter.swift in Sources */,
				72BB53272AFC345800C5F224 /* Photo.swift in Sources */,
				7266DE662B0E8EBD0034FDD9 /* ProfilePresenter.swift in Sources */,
				7269C1C12AC4B7C6002B6C39 /* AuthViewController.swift in Sources */,
				725EE7EB2B05391600120F7A /* UserResult.swift in Sources */,
				725EE7ED2B05393700120F7A /* ProfileImage.swift in Sources */,
				725C8A7D2ACDD88B00D9BB70 /* NetworkError.swift in Sources */,
				72B75D302AC442FF00B3C6FC /* AuthConfiguration.swift in Sources */,
				72617AAD2AF56D1900BBD96C /* ProfileImageService.swift in Sources */,
				7289824B2AF2F60C0021E3DB /* ProfileService.swift in Sources */,
				72CD83E12AFAD17C00F37809 /* ProfileResult.swift in Sources */,
				7278B5C22AF9630900C67C5C /* TabBarController.swift in Sources */,
				72716A872AB1A71300582E89 /* SingleImageViewController.swift in Sources */,
				725C8A782ACDD70C00D9BB70 /* URLSession+Extensions.swift in Sources */,
				725C8A802ACDDC7C00D9BB70 /* URLRequest+Extensions.swift in Sources */,
				7269C1C42AC4BB7B002B6C39 /* WebViewViewController.swift in Sources */,
				72C050752B0D59AB0059EEB8 /* WebViewPresenter.swift in Sources */,
				72CD83E32AFAD19A00F37809 /* Profile.swift in Sources */,
				72A19B4B2AFEB7D50001D050 /* LikePhotoResult.swift in Sources */,
				72BB53252AFC343A00C5F224 /* PhotoResult.swift in Sources */,
				72ECF7DA2A9A561A00E84EB5 /* SceneDelegate.swift in Sources */,
				7266DE542B0E38380034FDD9 /* AuthHelper.swift in Sources */,
				72BB53292AFC347600C5F224 /* UrlsResult.swift in Sources */,
				729A13D22AE70CA500CB80E9 /* UIBlockingProgressHUD.swift in Sources */,
			);
			runOnlyForDeploymentPostprocessing = 0;
		};
		72F3E4E42B0F694600954857 /* Sources */ = {
			isa = PBXSourcesBuildPhase;
			buildActionMask = 2147483647;
			files = (
			);
			runOnlyForDeploymentPostprocessing = 0;
		};
		72F3E4F22B0F6A6200954857 /* Sources */ = {
			isa = PBXSourcesBuildPhase;
			buildActionMask = 2147483647;
			files = (
			);
			runOnlyForDeploymentPostprocessing = 0;
		};
		72F3E5002B0F7A0100954857 /* Sources */ = {
			isa = PBXSourcesBuildPhase;
			buildActionMask = 2147483647;
			files = (
			);
			runOnlyForDeploymentPostprocessing = 0;
		};
/* End PBXSourcesBuildPhase section */

/* Begin PBXTargetDependency section */
		7266DE5F2B0E609E0034FDD9 /* PBXTargetDependency */ = {
			isa = PBXTargetDependency;
			target = 72ECF7D32A9A561A00E84EB5 /* ImageFeed */;
			targetProxy = 7266DE5E2B0E609E0034FDD9 /* PBXContainerItemProxy */;
		};
		728844992B0F92B3002804E0 /* PBXTargetDependency */ = {
			isa = PBXTargetDependency;
			target = 72ECF7D32A9A561A00E84EB5 /* ImageFeed */;
			targetProxy = 728844982B0F92B3002804E0 /* PBXContainerItemProxy */;
		};
		72F3E4ED2B0F694600954857 /* PBXTargetDependency */ = {
			isa = PBXTargetDependency;
			target = 72ECF7D32A9A561A00E84EB5 /* ImageFeed */;
			targetProxy = 72F3E4EC2B0F694600954857 /* PBXContainerItemProxy */;
		};
		72F3E4FB2B0F6A6200954857 /* PBXTargetDependency */ = {
			isa = PBXTargetDependency;
			target = 72ECF7D32A9A561A00E84EB5 /* ImageFeed */;
			targetProxy = 72F3E4FA2B0F6A6200954857 /* PBXContainerItemProxy */;
		};
		72F3E5092B0F7A0100954857 /* PBXTargetDependency */ = {
			isa = PBXTargetDependency;
			target = 72ECF7D32A9A561A00E84EB5 /* ImageFeed */;
			targetProxy = 72F3E5082B0F7A0100954857 /* PBXContainerItemProxy */;
		};
/* End PBXTargetDependency section */

/* Begin PBXVariantGroup section */
		72ECF7DD2A9A561A00E84EB5 /* Main.storyboard */ = {
			isa = PBXVariantGroup;
			children = (
				72ECF7DE2A9A561A00E84EB5 /* Base */,
			);
			name = Main.storyboard;
			sourceTree = "<group>";
		};
		72ECF7E22A9A561B00E84EB5 /* LaunchScreen.storyboard */ = {
			isa = PBXVariantGroup;
			children = (
				72ECF7E32A9A561B00E84EB5 /* Base */,
			);
			name = LaunchScreen.storyboard;
			sourceTree = "<group>";
		};
/* End PBXVariantGroup section */

/* Begin XCBuildConfiguration section */
		7266DE612B0E609E0034FDD9 /* Debug */ = {
			isa = XCBuildConfiguration;
			buildSettings = {
				BUNDLE_LOADER = "$(TEST_HOST)";
				CODE_SIGN_STYLE = Automatic;
				CURRENT_PROJECT_VERSION = 1;
				DEVELOPMENT_TEAM = HJ5JF3F29D;
				GCC_C_LANGUAGE_STANDARD = gnu17;
				GENERATE_INFOPLIST_FILE = YES;
				IPHONEOS_DEPLOYMENT_TARGET = 17.0;
				LOCALIZATION_PREFERS_STRING_CATALOGS = YES;
				MARKETING_VERSION = 1.0;
				PRODUCT_BUNDLE_IDENTIFIER = com.Dzhabaev.ImageFeedTests;
				PRODUCT_NAME = "$(TARGET_NAME)";
				SWIFT_ACTIVE_COMPILATION_CONDITIONS = "DEBUG $(inherited)";
				SWIFT_EMIT_LOC_STRINGS = NO;
				SWIFT_VERSION = 5.0;
				TARGETED_DEVICE_FAMILY = "1,2";
				TEST_HOST = "$(BUILT_PRODUCTS_DIR)/ImageFeed.app/$(BUNDLE_EXECUTABLE_FOLDER_PATH)/ImageFeed";
			};
			name = Debug;
		};
		7266DE622B0E609E0034FDD9 /* Release */ = {
			isa = XCBuildConfiguration;
			buildSettings = {
				BUNDLE_LOADER = "$(TEST_HOST)";
				CODE_SIGN_STYLE = Automatic;
				CURRENT_PROJECT_VERSION = 1;
				DEVELOPMENT_TEAM = HJ5JF3F29D;
				GCC_C_LANGUAGE_STANDARD = gnu17;
				GENERATE_INFOPLIST_FILE = YES;
				IPHONEOS_DEPLOYMENT_TARGET = 17.0;
				LOCALIZATION_PREFERS_STRING_CATALOGS = YES;
				MARKETING_VERSION = 1.0;
				PRODUCT_BUNDLE_IDENTIFIER = com.Dzhabaev.ImageFeedTests;
				PRODUCT_NAME = "$(TARGET_NAME)";
				SWIFT_EMIT_LOC_STRINGS = NO;
				SWIFT_VERSION = 5.0;
				TARGETED_DEVICE_FAMILY = "1,2";
				TEST_HOST = "$(BUILT_PRODUCTS_DIR)/ImageFeed.app/$(BUNDLE_EXECUTABLE_FOLDER_PATH)/ImageFeed";
			};
			name = Release;
		};
		7288449B2B0F92B3002804E0 /* Debug */ = {
			isa = XCBuildConfiguration;
			buildSettings = {
				CODE_SIGN_STYLE = Automatic;
				CURRENT_PROJECT_VERSION = 1;
				DEVELOPMENT_TEAM = HJ5JF3F29D;
				GCC_C_LANGUAGE_STANDARD = gnu17;
				GENERATE_INFOPLIST_FILE = YES;
				IPHONEOS_DEPLOYMENT_TARGET = 17.0;
				LOCALIZATION_PREFERS_STRING_CATALOGS = YES;
				MARKETING_VERSION = 1.0;
				PRODUCT_BUNDLE_IDENTIFIER = com.Dzhabaev.ImageFeedUITests;
				PRODUCT_NAME = "$(TARGET_NAME)";
				SWIFT_ACTIVE_COMPILATION_CONDITIONS = "DEBUG $(inherited)";
				SWIFT_EMIT_LOC_STRINGS = NO;
				SWIFT_VERSION = 5.0;
				TARGETED_DEVICE_FAMILY = "1,2";
				TEST_TARGET_NAME = ImageFeed;
			};
			name = Debug;
		};
		7288449C2B0F92B3002804E0 /* Release */ = {
			isa = XCBuildConfiguration;
			buildSettings = {
				CODE_SIGN_STYLE = Automatic;
				CURRENT_PROJECT_VERSION = 1;
				DEVELOPMENT_TEAM = HJ5JF3F29D;
				GCC_C_LANGUAGE_STANDARD = gnu17;
				GENERATE_INFOPLIST_FILE = YES;
				IPHONEOS_DEPLOYMENT_TARGET = 17.0;
				LOCALIZATION_PREFERS_STRING_CATALOGS = YES;
				MARKETING_VERSION = 1.0;
				PRODUCT_BUNDLE_IDENTIFIER = com.Dzhabaev.ImageFeedUITests;
				PRODUCT_NAME = "$(TARGET_NAME)";
				SWIFT_EMIT_LOC_STRINGS = NO;
				SWIFT_VERSION = 5.0;
				TARGETED_DEVICE_FAMILY = "1,2";
				TEST_TARGET_NAME = ImageFeed;
			};
			name = Release;
		};
		72ECF7E62A9A561B00E84EB5 /* Debug */ = {
			isa = XCBuildConfiguration;
			buildSettings = {
				ALWAYS_SEARCH_USER_PATHS = NO;
				ASSETCATALOG_COMPILER_GENERATE_SWIFT_ASSET_SYMBOL_EXTENSIONS = YES;
				CLANG_ANALYZER_NONNULL = YES;
				CLANG_ANALYZER_NUMBER_OBJECT_CONVERSION = YES_AGGRESSIVE;
				CLANG_CXX_LANGUAGE_STANDARD = "gnu++20";
				CLANG_ENABLE_MODULES = YES;
				CLANG_ENABLE_OBJC_ARC = YES;
				CLANG_ENABLE_OBJC_WEAK = YES;
				CLANG_WARN_BLOCK_CAPTURE_AUTORELEASING = YES;
				CLANG_WARN_BOOL_CONVERSION = YES;
				CLANG_WARN_COMMA = YES;
				CLANG_WARN_CONSTANT_CONVERSION = YES;
				CLANG_WARN_DEPRECATED_OBJC_IMPLEMENTATIONS = YES;
				CLANG_WARN_DIRECT_OBJC_ISA_USAGE = YES_ERROR;
				CLANG_WARN_DOCUMENTATION_COMMENTS = YES;
				CLANG_WARN_EMPTY_BODY = YES;
				CLANG_WARN_ENUM_CONVERSION = YES;
				CLANG_WARN_INFINITE_RECURSION = YES;
				CLANG_WARN_INT_CONVERSION = YES;
				CLANG_WARN_NON_LITERAL_NULL_CONVERSION = YES;
				CLANG_WARN_OBJC_IMPLICIT_RETAIN_SELF = YES;
				CLANG_WARN_OBJC_LITERAL_CONVERSION = YES;
				CLANG_WARN_OBJC_ROOT_CLASS = YES_ERROR;
				CLANG_WARN_QUOTED_INCLUDE_IN_FRAMEWORK_HEADER = YES;
				CLANG_WARN_RANGE_LOOP_ANALYSIS = YES;
				CLANG_WARN_STRICT_PROTOTYPES = YES;
				CLANG_WARN_SUSPICIOUS_MOVE = YES;
				CLANG_WARN_UNGUARDED_AVAILABILITY = YES_AGGRESSIVE;
				CLANG_WARN_UNREACHABLE_CODE = YES;
				CLANG_WARN__DUPLICATE_METHOD_MATCH = YES;
				COPY_PHASE_STRIP = NO;
				DEBUG_INFORMATION_FORMAT = dwarf;
				ENABLE_STRICT_OBJC_MSGSEND = YES;
				ENABLE_TESTABILITY = YES;
				ENABLE_USER_SCRIPT_SANDBOXING = YES;
				GCC_C_LANGUAGE_STANDARD = gnu11;
				GCC_DYNAMIC_NO_PIC = NO;
				GCC_NO_COMMON_BLOCKS = YES;
				GCC_OPTIMIZATION_LEVEL = 0;
				GCC_PREPROCESSOR_DEFINITIONS = (
					"DEBUG=1",
					"$(inherited)",
				);
				GCC_WARN_64_TO_32_BIT_CONVERSION = YES;
				GCC_WARN_ABOUT_RETURN_TYPE = YES_ERROR;
				GCC_WARN_UNDECLARED_SELECTOR = YES;
				GCC_WARN_UNINITIALIZED_AUTOS = YES_AGGRESSIVE;
				GCC_WARN_UNUSED_FUNCTION = YES;
				GCC_WARN_UNUSED_VARIABLE = YES;
				IPHONEOS_DEPLOYMENT_TARGET = 13.0;
				MTL_ENABLE_DEBUG_INFO = INCLUDE_SOURCE;
				MTL_FAST_MATH = YES;
				ONLY_ACTIVE_ARCH = YES;
				SDKROOT = iphoneos;
				SWIFT_ACTIVE_COMPILATION_CONDITIONS = DEBUG;
				SWIFT_OPTIMIZATION_LEVEL = "-Onone";
			};
			name = Debug;
		};
		72ECF7E72A9A561B00E84EB5 /* Release */ = {
			isa = XCBuildConfiguration;
			buildSettings = {
				ALWAYS_SEARCH_USER_PATHS = NO;
				ASSETCATALOG_COMPILER_GENERATE_SWIFT_ASSET_SYMBOL_EXTENSIONS = YES;
				CLANG_ANALYZER_NONNULL = YES;
				CLANG_ANALYZER_NUMBER_OBJECT_CONVERSION = YES_AGGRESSIVE;
				CLANG_CXX_LANGUAGE_STANDARD = "gnu++20";
				CLANG_ENABLE_MODULES = YES;
				CLANG_ENABLE_OBJC_ARC = YES;
				CLANG_ENABLE_OBJC_WEAK = YES;
				CLANG_WARN_BLOCK_CAPTURE_AUTORELEASING = YES;
				CLANG_WARN_BOOL_CONVERSION = YES;
				CLANG_WARN_COMMA = YES;
				CLANG_WARN_CONSTANT_CONVERSION = YES;
				CLANG_WARN_DEPRECATED_OBJC_IMPLEMENTATIONS = YES;
				CLANG_WARN_DIRECT_OBJC_ISA_USAGE = YES_ERROR;
				CLANG_WARN_DOCUMENTATION_COMMENTS = YES;
				CLANG_WARN_EMPTY_BODY = YES;
				CLANG_WARN_ENUM_CONVERSION = YES;
				CLANG_WARN_INFINITE_RECURSION = YES;
				CLANG_WARN_INT_CONVERSION = YES;
				CLANG_WARN_NON_LITERAL_NULL_CONVERSION = YES;
				CLANG_WARN_OBJC_IMPLICIT_RETAIN_SELF = YES;
				CLANG_WARN_OBJC_LITERAL_CONVERSION = YES;
				CLANG_WARN_OBJC_ROOT_CLASS = YES_ERROR;
				CLANG_WARN_QUOTED_INCLUDE_IN_FRAMEWORK_HEADER = YES;
				CLANG_WARN_RANGE_LOOP_ANALYSIS = YES;
				CLANG_WARN_STRICT_PROTOTYPES = YES;
				CLANG_WARN_SUSPICIOUS_MOVE = YES;
				CLANG_WARN_UNGUARDED_AVAILABILITY = YES_AGGRESSIVE;
				CLANG_WARN_UNREACHABLE_CODE = YES;
				CLANG_WARN__DUPLICATE_METHOD_MATCH = YES;
				COPY_PHASE_STRIP = NO;
				DEBUG_INFORMATION_FORMAT = "dwarf-with-dsym";
				ENABLE_NS_ASSERTIONS = NO;
				ENABLE_STRICT_OBJC_MSGSEND = YES;
				ENABLE_USER_SCRIPT_SANDBOXING = YES;
				GCC_C_LANGUAGE_STANDARD = gnu11;
				GCC_NO_COMMON_BLOCKS = YES;
				GCC_WARN_64_TO_32_BIT_CONVERSION = YES;
				GCC_WARN_ABOUT_RETURN_TYPE = YES_ERROR;
				GCC_WARN_UNDECLARED_SELECTOR = YES;
				GCC_WARN_UNINITIALIZED_AUTOS = YES_AGGRESSIVE;
				GCC_WARN_UNUSED_FUNCTION = YES;
				GCC_WARN_UNUSED_VARIABLE = YES;
				IPHONEOS_DEPLOYMENT_TARGET = 13.0;
				MTL_ENABLE_DEBUG_INFO = NO;
				MTL_FAST_MATH = YES;
				SDKROOT = iphoneos;
				SWIFT_COMPILATION_MODE = wholemodule;
				SWIFT_OPTIMIZATION_LEVEL = "-O";
				VALIDATE_PRODUCT = YES;
			};
			name = Release;
		};
		72ECF7E92A9A561B00E84EB5 /* Debug */ = {
			isa = XCBuildConfiguration;
			buildSettings = {
				ASSETCATALOG_COMPILER_APPICON_NAME = AppIcon;
				ASSETCATALOG_COMPILER_GLOBAL_ACCENT_COLOR_NAME = AccentColor;
				ASSETCATALOG_COMPILER_INCLUDE_ALL_APPICON_ASSETS = NO;
				CODE_SIGN_STYLE = Automatic;
				CURRENT_PROJECT_VERSION = 1;
				DEVELOPMENT_TEAM = HJ5JF3F29D;
				GENERATE_INFOPLIST_FILE = YES;
				INFOPLIST_FILE = ImageFeed/Info.plist;
				INFOPLIST_KEY_UIApplicationSupportsIndirectInputEvents = YES;
				INFOPLIST_KEY_UILaunchStoryboardName = LaunchScreen;
				INFOPLIST_KEY_UIMainStoryboardFile = Main;
				INFOPLIST_KEY_UISupportedInterfaceOrientations = UIInterfaceOrientationPortrait;
				IPHONEOS_DEPLOYMENT_TARGET = 13.0;
				LD_RUNPATH_SEARCH_PATHS = (
					"$(inherited)",
					"@executable_path/Frameworks",
				);
				MARKETING_VERSION = 1.0;
				PRODUCT_BUNDLE_IDENTIFIER = com.Dzhabaev.ImageFeed;
				PRODUCT_NAME = "$(TARGET_NAME)";
				SUPPORTED_PLATFORMS = "iphoneos iphonesimulator";
				SUPPORTS_MACCATALYST = NO;
				SUPPORTS_MAC_DESIGNED_FOR_IPHONE_IPAD = YES;
				SWIFT_EMIT_LOC_STRINGS = YES;
				SWIFT_VERSION = 5.0;
				TARGETED_DEVICE_FAMILY = 1;
			};
			name = Debug;
		};
		72ECF7EA2A9A561B00E84EB5 /* Release */ = {
			isa = XCBuildConfiguration;
			buildSettings = {
				ASSETCATALOG_COMPILER_APPICON_NAME = AppIcon;
				ASSETCATALOG_COMPILER_GLOBAL_ACCENT_COLOR_NAME = AccentColor;
				ASSETCATALOG_COMPILER_INCLUDE_ALL_APPICON_ASSETS = NO;
				CODE_SIGN_STYLE = Automatic;
				CURRENT_PROJECT_VERSION = 1;
				DEVELOPMENT_TEAM = HJ5JF3F29D;
				GENERATE_INFOPLIST_FILE = YES;
				INFOPLIST_FILE = ImageFeed/Info.plist;
				INFOPLIST_KEY_UIApplicationSupportsIndirectInputEvents = YES;
				INFOPLIST_KEY_UILaunchStoryboardName = LaunchScreen;
				INFOPLIST_KEY_UIMainStoryboardFile = Main;
				INFOPLIST_KEY_UISupportedInterfaceOrientations = UIInterfaceOrientationPortrait;
				IPHONEOS_DEPLOYMENT_TARGET = 13.0;
				LD_RUNPATH_SEARCH_PATHS = (
					"$(inherited)",
					"@executable_path/Frameworks",
				);
				MARKETING_VERSION = 1.0;
				PRODUCT_BUNDLE_IDENTIFIER = com.Dzhabaev.ImageFeed;
				PRODUCT_NAME = "$(TARGET_NAME)";
				SUPPORTED_PLATFORMS = "iphoneos iphonesimulator";
				SUPPORTS_MACCATALYST = NO;
				SUPPORTS_MAC_DESIGNED_FOR_IPHONE_IPAD = YES;
				SWIFT_EMIT_LOC_STRINGS = YES;
				SWIFT_VERSION = 5.0;
				TARGETED_DEVICE_FAMILY = 1;
			};
			name = Release;
		};
		72F3E4EE2B0F694600954857 /* Debug */ = {
			isa = XCBuildConfiguration;
			buildSettings = {
				BUNDLE_LOADER = "$(TEST_HOST)";
				CODE_SIGN_STYLE = Automatic;
				CURRENT_PROJECT_VERSION = 1;
				DEVELOPMENT_TEAM = HJ5JF3F29D;
				GCC_C_LANGUAGE_STANDARD = gnu17;
				GENERATE_INFOPLIST_FILE = YES;
				IPHONEOS_DEPLOYMENT_TARGET = 17.0;
				LOCALIZATION_PREFERS_STRING_CATALOGS = YES;
				MARKETING_VERSION = 1.0;
				PRODUCT_BUNDLE_IDENTIFIER = com.Dzhabaev.ProfileTests;
				PRODUCT_NAME = "$(TARGET_NAME)";
				SWIFT_ACTIVE_COMPILATION_CONDITIONS = "DEBUG $(inherited)";
				SWIFT_EMIT_LOC_STRINGS = NO;
				SWIFT_VERSION = 5.0;
				TARGETED_DEVICE_FAMILY = "1,2";
				TEST_HOST = "$(BUILT_PRODUCTS_DIR)/ImageFeed.app/$(BUNDLE_EXECUTABLE_FOLDER_PATH)/ImageFeed";
			};
			name = Debug;
		};
		72F3E4EF2B0F694600954857 /* Release */ = {
			isa = XCBuildConfiguration;
			buildSettings = {
				BUNDLE_LOADER = "$(TEST_HOST)";
				CODE_SIGN_STYLE = Automatic;
				CURRENT_PROJECT_VERSION = 1;
				DEVELOPMENT_TEAM = HJ5JF3F29D;
				GCC_C_LANGUAGE_STANDARD = gnu17;
				GENERATE_INFOPLIST_FILE = YES;
				IPHONEOS_DEPLOYMENT_TARGET = 17.0;
				LOCALIZATION_PREFERS_STRING_CATALOGS = YES;
				MARKETING_VERSION = 1.0;
				PRODUCT_BUNDLE_IDENTIFIER = com.Dzhabaev.ProfileTests;
				PRODUCT_NAME = "$(TARGET_NAME)";
				SWIFT_EMIT_LOC_STRINGS = NO;
				SWIFT_VERSION = 5.0;
				TARGETED_DEVICE_FAMILY = "1,2";
				TEST_HOST = "$(BUILT_PRODUCTS_DIR)/ImageFeed.app/$(BUNDLE_EXECUTABLE_FOLDER_PATH)/ImageFeed";
			};
			name = Release;
		};
		72F3E4FD2B0F6A6200954857 /* Debug */ = {
			isa = XCBuildConfiguration;
			buildSettings = {
				BUNDLE_LOADER = "$(TEST_HOST)";
				CODE_SIGN_STYLE = Automatic;
				CURRENT_PROJECT_VERSION = 1;
				DEVELOPMENT_TEAM = HJ5JF3F29D;
				GCC_C_LANGUAGE_STANDARD = gnu17;
				GENERATE_INFOPLIST_FILE = YES;
				IPHONEOS_DEPLOYMENT_TARGET = 17.0;
				LOCALIZATION_PREFERS_STRING_CATALOGS = YES;
				MARKETING_VERSION = 1.0;
				PRODUCT_BUNDLE_IDENTIFIER = com.Dzhabaev.ImagesListTests;
				PRODUCT_NAME = "$(TARGET_NAME)";
				SWIFT_ACTIVE_COMPILATION_CONDITIONS = "DEBUG $(inherited)";
				SWIFT_EMIT_LOC_STRINGS = NO;
				SWIFT_VERSION = 5.0;
				TARGETED_DEVICE_FAMILY = "1,2";
				TEST_HOST = "$(BUILT_PRODUCTS_DIR)/ImageFeed.app/$(BUNDLE_EXECUTABLE_FOLDER_PATH)/ImageFeed";
			};
			name = Debug;
		};
		72F3E4FE2B0F6A6200954857 /* Release */ = {
			isa = XCBuildConfiguration;
			buildSettings = {
				BUNDLE_LOADER = "$(TEST_HOST)";
				CODE_SIGN_STYLE = Automatic;
				CURRENT_PROJECT_VERSION = 1;
				DEVELOPMENT_TEAM = HJ5JF3F29D;
				GCC_C_LANGUAGE_STANDARD = gnu17;
				GENERATE_INFOPLIST_FILE = YES;
				IPHONEOS_DEPLOYMENT_TARGET = 17.0;
				LOCALIZATION_PREFERS_STRING_CATALOGS = YES;
				MARKETING_VERSION = 1.0;
				PRODUCT_BUNDLE_IDENTIFIER = com.Dzhabaev.ImagesListTests;
				PRODUCT_NAME = "$(TARGET_NAME)";
				SWIFT_EMIT_LOC_STRINGS = NO;
				SWIFT_VERSION = 5.0;
				TARGETED_DEVICE_FAMILY = "1,2";
				TEST_HOST = "$(BUILT_PRODUCTS_DIR)/ImageFeed.app/$(BUNDLE_EXECUTABLE_FOLDER_PATH)/ImageFeed";
			};
			name = Release;
		};
		72F3E50B2B0F7A0100954857 /* Debug */ = {
			isa = XCBuildConfiguration;
			buildSettings = {
				BUNDLE_LOADER = "$(TEST_HOST)";
				CODE_SIGN_STYLE = Automatic;
				CURRENT_PROJECT_VERSION = 1;
				DEVELOPMENT_TEAM = HJ5JF3F29D;
				GCC_C_LANGUAGE_STANDARD = gnu17;
				GENERATE_INFOPLIST_FILE = YES;
				IPHONEOS_DEPLOYMENT_TARGET = 17.0;
				LOCALIZATION_PREFERS_STRING_CATALOGS = YES;
				MARKETING_VERSION = 1.0;
				PRODUCT_BUNDLE_IDENTIFIER = com.Dzhabaev.ProfileTest;
				PRODUCT_NAME = "$(TARGET_NAME)";
				SWIFT_ACTIVE_COMPILATION_CONDITIONS = "DEBUG $(inherited)";
				SWIFT_EMIT_LOC_STRINGS = NO;
				SWIFT_VERSION = 5.0;
				TARGETED_DEVICE_FAMILY = "1,2";
				TEST_HOST = "$(BUILT_PRODUCTS_DIR)/ImageFeed.app/$(BUNDLE_EXECUTABLE_FOLDER_PATH)/ImageFeed";
			};
			name = Debug;
		};
		72F3E50C2B0F7A0100954857 /* Release */ = {
			isa = XCBuildConfiguration;
			buildSettings = {
				BUNDLE_LOADER = "$(TEST_HOST)";
				CODE_SIGN_STYLE = Automatic;
				CURRENT_PROJECT_VERSION = 1;
				DEVELOPMENT_TEAM = HJ5JF3F29D;
				GCC_C_LANGUAGE_STANDARD = gnu17;
				GENERATE_INFOPLIST_FILE = YES;
				IPHONEOS_DEPLOYMENT_TARGET = 17.0;
				LOCALIZATION_PREFERS_STRING_CATALOGS = YES;
				MARKETING_VERSION = 1.0;
				PRODUCT_BUNDLE_IDENTIFIER = com.Dzhabaev.ProfileTest;
				PRODUCT_NAME = "$(TARGET_NAME)";
				SWIFT_EMIT_LOC_STRINGS = NO;
				SWIFT_VERSION = 5.0;
				TARGETED_DEVICE_FAMILY = "1,2";
				TEST_HOST = "$(BUILT_PRODUCTS_DIR)/ImageFeed.app/$(BUNDLE_EXECUTABLE_FOLDER_PATH)/ImageFeed";
			};
			name = Release;
		};
/* End XCBuildConfiguration section */

/* Begin XCConfigurationList section */
		7266DE602B0E609E0034FDD9 /* Build configuration list for PBXNativeTarget "ImageFeedTests" */ = {
			isa = XCConfigurationList;
			buildConfigurations = (
				7266DE612B0E609E0034FDD9 /* Debug */,
				7266DE622B0E609E0034FDD9 /* Release */,
			);
			defaultConfigurationIsVisible = 0;
			defaultConfigurationName = Release;
		};
		7288449A2B0F92B3002804E0 /* Build configuration list for PBXNativeTarget "ImageFeedUITests" */ = {
			isa = XCConfigurationList;
			buildConfigurations = (
				7288449B2B0F92B3002804E0 /* Debug */,
				7288449C2B0F92B3002804E0 /* Release */,
			);
			defaultConfigurationIsVisible = 0;
			defaultConfigurationName = Release;
		};
		72ECF7CF2A9A561A00E84EB5 /* Build configuration list for PBXProject "ImageFeed" */ = {
			isa = XCConfigurationList;
			buildConfigurations = (
				72ECF7E62A9A561B00E84EB5 /* Debug */,
				72ECF7E72A9A561B00E84EB5 /* Release */,
			);
			defaultConfigurationIsVisible = 0;
			defaultConfigurationName = Release;
		};
		72ECF7E82A9A561B00E84EB5 /* Build configuration list for PBXNativeTarget "ImageFeed" */ = {
			isa = XCConfigurationList;
			buildConfigurations = (
				72ECF7E92A9A561B00E84EB5 /* Debug */,
				72ECF7EA2A9A561B00E84EB5 /* Release */,
			);
			defaultConfigurationIsVisible = 0;
			defaultConfigurationName = Release;
		};
		72F3E4F02B0F694600954857 /* Build configuration list for PBXNativeTarget "ProfileTests" */ = {
			isa = XCConfigurationList;
			buildConfigurations = (
				72F3E4EE2B0F694600954857 /* Debug */,
				72F3E4EF2B0F694600954857 /* Release */,
			);
			defaultConfigurationIsVisible = 0;
			defaultConfigurationName = Release;
		};
		72F3E4FC2B0F6A6200954857 /* Build configuration list for PBXNativeTarget "ImagesListTests" */ = {
			isa = XCConfigurationList;
			buildConfigurations = (
				72F3E4FD2B0F6A6200954857 /* Debug */,
				72F3E4FE2B0F6A6200954857 /* Release */,
			);
			defaultConfigurationIsVisible = 0;
			defaultConfigurationName = Release;
		};
		72F3E50A2B0F7A0100954857 /* Build configuration list for PBXNativeTarget "ProfileTest" */ = {
			isa = XCConfigurationList;
			buildConfigurations = (
				72F3E50B2B0F7A0100954857 /* Debug */,
				72F3E50C2B0F7A0100954857 /* Release */,
			);
			defaultConfigurationIsVisible = 0;
			defaultConfigurationName = Release;
		};
/* End XCConfigurationList section */

/* Begin XCRemoteSwiftPackageReference section */
		720252F22AE6AADB00ED7C43 /* XCRemoteSwiftPackageReference "ProgressHUD" */ = {
			isa = XCRemoteSwiftPackageReference;
			repositoryURL = "https://github.com/relatedcode/ProgressHUD";
			requirement = {
				kind = exactVersion;
				version = 13.8.4;
			};
		};
		722FD4EE2AF798B300B0155D /* XCRemoteSwiftPackageReference "SwiftKeychainWrapper" */ = {
			isa = XCRemoteSwiftPackageReference;
			repositoryURL = "https://github.com/jrendel/SwiftKeychainWrapper";
			requirement = {
				kind = upToNextMajorVersion;
				minimumVersion = 4.0.1;
			};
		};
		726CC3FB2AF6977D00111A67 /* XCRemoteSwiftPackageReference "Kingfisher" */ = {
			isa = XCRemoteSwiftPackageReference;
			repositoryURL = "https://github.com/onevcat/Kingfisher";
			requirement = {
				kind = upToNextMajorVersion;
				minimumVersion = 7.10.0;
			};
		};
/* End XCRemoteSwiftPackageReference section */

/* Begin XCSwiftPackageProductDependency section */
		720252F32AE6AADB00ED7C43 /* ProgressHUD */ = {
			isa = XCSwiftPackageProductDependency;
			package = 720252F22AE6AADB00ED7C43 /* XCRemoteSwiftPackageReference "ProgressHUD" */;
			productName = ProgressHUD;
		};
		722FD4EF2AF798B300B0155D /* SwiftKeychainWrapper */ = {
			isa = XCSwiftPackageProductDependency;
			package = 722FD4EE2AF798B300B0155D /* XCRemoteSwiftPackageReference "SwiftKeychainWrapper" */;
			productName = SwiftKeychainWrapper;
		};
		726CC3FC2AF6977D00111A67 /* Kingfisher */ = {
			isa = XCSwiftPackageProductDependency;
			package = 726CC3FB2AF6977D00111A67 /* XCRemoteSwiftPackageReference "Kingfisher" */;
			productName = Kingfisher;
		};
/* End XCSwiftPackageProductDependency section */
	};
	rootObject = 72ECF7CC2A9A561A00E84EB5 /* Project object */;
}
